// !$*UTF8*$!
{
	archiveVersion = 1;
	classes = {
	};
	objectVersion = 56;
	objects = {

/* Begin PBXBuildFile section */
		0B3D70042B27FC9E004F2FEB /* NestlyApp.swift in Sources */ = {isa = PBXBuildFile; fileRef = 0B3D70032B27FC9E004F2FEB /* NestlyApp.swift */; };
		0B3D70082B27FC9F004F2FEB /* Assets.xcassets in Resources */ = {isa = PBXBuildFile; fileRef = 0B3D70072B27FC9F004F2FEB /* Assets.xcassets */; };
		0B3D700B2B27FC9F004F2FEB /* Preview Assets.xcassets in Resources */ = {isa = PBXBuildFile; fileRef = 0B3D700A2B27FC9F004F2FEB /* Preview Assets.xcassets */; };
		0B3D70132B29410A004F2FEB /* ListView.swift in Sources */ = {isa = PBXBuildFile; fileRef = 0B3D70122B29410A004F2FEB /* ListView.swift */; };
		0B3D70152B2942F0004F2FEB /* ListRowView.swift in Sources */ = {isa = PBXBuildFile; fileRef = 0B3D70142B2942F0004F2FEB /* ListRowView.swift */; };
		0B3D70172B2946EC004F2FEB /* AddView.swift in Sources */ = {isa = PBXBuildFile; fileRef = 0B3D70162B2946EC004F2FEB /* AddView.swift */; };
		0B3D701A2B2A63E8004F2FEB /* ItemModel.swift in Sources */ = {isa = PBXBuildFile; fileRef = 0B3D70192B2A63E8004F2FEB /* ItemModel.swift */; };
		0B3D701D2B2A6C1D004F2FEB /* ListViewModel.swift in Sources */ = {isa = PBXBuildFile; fileRef = 0B3D701C2B2A6C1D004F2FEB /* ListViewModel.swift */; };
/* End PBXBuildFile section */

/* Begin PBXFileReference section */
		0B3D70002B27FC9E004F2FEB /* Nestly.app */ = {isa = PBXFileReference; explicitFileType = wrapper.application; includeInIndex = 0; path = Nestly.app; sourceTree = BUILT_PRODUCTS_DIR; };
		0B3D70032B27FC9E004F2FEB /* NestlyApp.swift */ = {isa = PBXFileReference; lastKnownFileType = sourcecode.swift; path = NestlyApp.swift; sourceTree = "<group>"; };
		0B3D70072B27FC9F004F2FEB /* Assets.xcassets */ = {isa = PBXFileReference; lastKnownFileType = folder.assetcatalog; path = Assets.xcassets; sourceTree = "<group>"; };
		0B3D700A2B27FC9F004F2FEB /* Preview Assets.xcassets */ = {isa = PBXFileReference; lastKnownFileType = folder.assetcatalog; path = "Preview Assets.xcassets"; sourceTree = "<group>"; };
		0B3D70122B29410A004F2FEB /* ListView.swift */ = {isa = PBXFileReference; lastKnownFileType = sourcecode.swift; path = ListView.swift; sourceTree = "<group>"; };
		0B3D70142B2942F0004F2FEB /* ListRowView.swift */ = {isa = PBXFileReference; lastKnownFileType = sourcecode.swift; path = ListRowView.swift; sourceTree = "<group>"; };
		0B3D70162B2946EC004F2FEB /* AddView.swift */ = {isa = PBXFileReference; lastKnownFileType = sourcecode.swift; path = AddView.swift; sourceTree = "<group>"; };
		0B3D70192B2A63E8004F2FEB /* ItemModel.swift */ = {isa = PBXFileReference; lastKnownFileType = sourcecode.swift; path = ItemModel.swift; sourceTree = "<group>"; };
		0B3D701C2B2A6C1D004F2FEB /* ListViewModel.swift */ = {isa = PBXFileReference; lastKnownFileType = sourcecode.swift; path = ListViewModel.swift; sourceTree = "<group>"; };
/* End PBXFileReference section */

/* Begin PBXFrameworksBuildPhase section */
		0B3D6FFD2B27FC9E004F2FEB /* Frameworks */ = {
			isa = PBXFrameworksBuildPhase;
			buildActionMask = 2147483647;
			files = (
			);
			runOnlyForDeploymentPostprocessing = 0;
		};
/* End PBXFrameworksBuildPhase section */

/* Begin PBXGroup section */
		0B3D6FF72B27FC9E004F2FEB = {
			isa = PBXGroup;
			children = (
				0B3D70022B27FC9E004F2FEB /* Nestly */,
				0B3D70012B27FC9E004F2FEB /* Products */,
			);
			sourceTree = "<group>";
		};
		0B3D70012B27FC9E004F2FEB /* Products */ = {
			isa = PBXGroup;
			children = (
				0B3D70002B27FC9E004F2FEB /* Nestly.app */,
			);
			name = Products;
			sourceTree = "<group>";
		};
		0B3D70022B27FC9E004F2FEB /* Nestly */ = {
			isa = PBXGroup;
			children = (
				0B3D70032B27FC9E004F2FEB /* NestlyApp.swift */,
				0B3D70182B2A6390004F2FEB /* Models */,
				0B3D701B2B2A6BFC004F2FEB /* ViewModels */,
				0B3D70112B2940FA004F2FEB /* Views */,
				0B3D70072B27FC9F004F2FEB /* Assets.xcassets */,
				0B3D70092B27FC9F004F2FEB /* Preview Content */,
			);
			path = Nestly;
			sourceTree = "<group>";
		};
		0B3D70092B27FC9F004F2FEB /* Preview Content */ = {
			isa = PBXGroup;
			children = (
				0B3D700A2B27FC9F004F2FEB /* Preview Assets.xcassets */,
			);
			path = "Preview Content";
			sourceTree = "<group>";
		};
		0B3D70112B2940FA004F2FEB /* Views */ = {
			isa = PBXGroup;
			children = (
				0B3D70122B29410A004F2FEB /* ListView.swift */,
				0B3D70142B2942F0004F2FEB /* ListRowView.swift */,
				0B3D70162B2946EC004F2FEB /* AddView.swift */,
			);
			path = Views;
			sourceTree = "<group>";
		};
		0B3D70182B2A6390004F2FEB /* Models */ = {
			isa = PBXGroup;
			children = (
				0B3D70192B2A63E8004F2FEB /* ItemModel.swift */,
			);
			path = Models;
			sourceTree = "<group>";
		};
		0B3D701B2B2A6BFC004F2FEB /* ViewModels */ = {
			isa = PBXGroup;
			children = (
				0B3D701C2B2A6C1D004F2FEB /* ListViewModel.swift */,
			);
			path = ViewModels;
			sourceTree = "<group>";
		};
/* End PBXGroup section */

/* Begin PBXNativeTarget section */
		0B3D6FFF2B27FC9E004F2FEB /* Nestly */ = {
			isa = PBXNativeTarget;
			buildConfigurationList = 0B3D700E2B27FC9F004F2FEB /* Build configuration list for PBXNativeTarget "Nestly" */;
			buildPhases = (
				0B3D6FFC2B27FC9E004F2FEB /* Sources */,
				0B3D6FFD2B27FC9E004F2FEB /* Frameworks */,
				0B3D6FFE2B27FC9E004F2FEB /* Resources */,
			);
			buildRules = (
			);
			dependencies = (
			);
			name = Nestly;
			productName = Nestly;
			productReference = 0B3D70002B27FC9E004F2FEB /* Nestly.app */;
			productType = "com.apple.product-type.application";
		};
/* End PBXNativeTarget section */

/* Begin PBXProject section */
		0B3D6FF82B27FC9E004F2FEB /* Project object */ = {
			isa = PBXProject;
			attributes = {
				BuildIndependentTargetsInParallel = 1;
				LastSwiftUpdateCheck = 1500;
				LastUpgradeCheck = 1500;
				TargetAttributes = {
					0B3D6FFF2B27FC9E004F2FEB = {
						CreatedOnToolsVersion = 15.0.1;
					};
				};
			};
			buildConfigurationList = 0B3D6FFB2B27FC9E004F2FEB /* Build configuration list for PBXProject "Nestly" */;
			compatibilityVersion = "Xcode 14.0";
			developmentRegion = en;
			hasScannedForEncodings = 0;
			knownRegions = (
				en,
				Base,
			);
			mainGroup = 0B3D6FF72B27FC9E004F2FEB;
			productRefGroup = 0B3D70012B27FC9E004F2FEB /* Products */;
			projectDirPath = "";
			projectRoot = "";
			targets = (
				0B3D6FFF2B27FC9E004F2FEB /* Nestly */,
			);
		};
/* End PBXProject section */

/* Begin PBXResourcesBuildPhase section */
		0B3D6FFE2B27FC9E004F2FEB /* Resources */ = {
			isa = PBXResourcesBuildPhase;
			buildActionMask = 2147483647;
			files = (
				0B3D700B2B27FC9F004F2FEB /* Preview Assets.xcassets in Resources */,
				0B3D70082B27FC9F004F2FEB /* Assets.xcassets in Resources */,
			);
			runOnlyForDeploymentPostprocessing = 0;
		};
/* End PBXResourcesBuildPhase section */

/* Begin PBXSourcesBuildPhase section */
		0B3D6FFC2B27FC9E004F2FEB /* Sources */ = {
			isa = PBXSourcesBuildPhase;
			buildActionMask = 2147483647;
			files = (
				0B3D701A2B2A63E8004F2FEB /* ItemModel.swift in Sources */,
				0B3D70172B2946EC004F2FEB /* AddView.swift in Sources */,
				0B3D701D2B2A6C1D004F2FEB /* ListViewModel.swift in Sources */,
				0B3D70042B27FC9E004F2FEB /* NestlyApp.swift in Sources */,
				0B3D70132B29410A004F2FEB /* ListView.swift in Sources */,
				0B3D70152B2942F0004F2FEB /* ListRowView.swift in Sources */,
			);
			runOnlyForDeploymentPostprocessing = 0;
		};
/* End PBXSourcesBuildPhase section */

/* Begin XCBuildConfiguration section */
		0B3D700C2B27FC9F004F2FEB /* Debug */ = {
			isa = XCBuildConfiguration;
			buildSettings = {
				ALWAYS_SEARCH_USER_PATHS = NO;
				ASSETCATALOG_COMPILER_GENERATE_SWIFT_ASSET_SYMBOL_EXTENSIONS = YES;
				CLANG_ANALYZER_NONNULL = YES;
				CLANG_ANALYZER_NUMBER_OBJECT_CONVERSION = YES_AGGRESSIVE;
				CLANG_CXX_LANGUAGE_STANDARD = "gnu++20";
				CLANG_ENABLE_MODULES = YES;
				CLANG_ENABLE_OBJC_ARC = YES;
				CLANG_ENABLE_OBJC_WEAK = YES;
				CLANG_WARN_BLOCK_CAPTURE_AUTORELEASING = YES;
				CLANG_WARN_BOOL_CONVERSION = YES;
				CLANG_WARN_COMMA = YES;
				CLANG_WARN_CONSTANT_CONVERSION = YES;
				CLANG_WARN_DEPRECATED_OBJC_IMPLEMENTATIONS = YES;
				CLANG_WARN_DIRECT_OBJC_ISA_USAGE = YES_ERROR;
				CLANG_WARN_DOCUMENTATION_COMMENTS = YES;
				CLANG_WARN_EMPTY_BODY = YES;
				CLANG_WARN_ENUM_CONVERSION = YES;
				CLANG_WARN_INFINITE_RECURSION = YES;
				CLANG_WARN_INT_CONVERSION = YES;
				CLANG_WARN_NON_LITERAL_NULL_CONVERSION = YES;
				CLANG_WARN_OBJC_IMPLICIT_RETAIN_SELF = YES;
				CLANG_WARN_OBJC_LITERAL_CONVERSION = YES;
				CLANG_WARN_OBJC_ROOT_CLASS = YES_ERROR;
				CLANG_WARN_QUOTED_INCLUDE_IN_FRAMEWORK_HEADER = YES;
				CLANG_WARN_RANGE_LOOP_ANALYSIS = YES;
				CLANG_WARN_STRICT_PROTOTYPES = YES;
				CLANG_WARN_SUSPICIOUS_MOVE = YES;
				CLANG_WARN_UNGUARDED_AVAILABILITY = YES_AGGRESSIVE;
				CLANG_WARN_UNREACHABLE_CODE = YES;
				CLANG_WARN__DUPLICATE_METHOD_MATCH = YES;
				COPY_PHASE_STRIP = NO;
				DEBUG_INFORMATION_FORMAT = dwarf;
				ENABLE_STRICT_OBJC_MSGSEND = YES;
				ENABLE_TESTABILITY = YES;
				ENABLE_USER_SCRIPT_SANDBOXING = YES;
				GCC_C_LANGUAGE_STANDARD = gnu17;
				GCC_DYNAMIC_NO_PIC = NO;
				GCC_NO_COMMON_BLOCKS = YES;
				GCC_OPTIMIZATION_LEVEL = 0;
				GCC_PREPROCESSOR_DEFINITIONS = (
					"DEBUG=1",
					"$(inherited)",
				);
				GCC_WARN_64_TO_32_BIT_CONVERSION = YES;
				GCC_WARN_ABOUT_RETURN_TYPE = YES_ERROR;
				GCC_WARN_UNDECLARED_SELECTOR = YES;
				GCC_WARN_UNINITIALIZED_AUTOS = YES_AGGRESSIVE;
				GCC_WARN_UNUSED_FUNCTION = YES;
				GCC_WARN_UNUSED_VARIABLE = YES;
				IPHONEOS_DEPLOYMENT_TARGET = 17.0;
				LOCALIZATION_PREFERS_STRING_CATALOGS = YES;
				MTL_ENABLE_DEBUG_INFO = INCLUDE_SOURCE;
				MTL_FAST_MATH = YES;
				ONLY_ACTIVE_ARCH = YES;
				SDKROOT = iphoneos;
				SWIFT_ACTIVE_COMPILATION_CONDITIONS = "DEBUG $(inherited)";
				SWIFT_OPTIMIZATION_LEVEL = "-Onone";
			};
			name = Debug;
		};
		0B3D700D2B27FC9F004F2FEB /* Release */ = {
			isa = XCBuildConfiguration;
			buildSettings = {
				ALWAYS_SEARCH_USER_PATHS = NO;
				ASSETCATALOG_COMPILER_GENERATE_SWIFT_ASSET_SYMBOL_EXTENSIONS = YES;
				CLANG_ANALYZER_NONNULL = YES;
				CLANG_ANALYZER_NUMBER_OBJECT_CONVERSION = YES_AGGRESSIVE;
				CLANG_CXX_LANGUAGE_STANDARD = "gnu++20";
				CLANG_ENABLE_MODULES = YES;
				CLANG_ENABLE_OBJC_ARC = YES;
				CLANG_ENABLE_OBJC_WEAK = YES;
				CLANG_WARN_BLOCK_CAPTURE_AUTORELEASING = YES;
				CLANG_WARN_BOOL_CONVERSION = YES;
				CLANG_WARN_COMMA = YES;
				CLANG_WARN_CONSTANT_CONVERSION = YES;
				CLANG_WARN_DEPRECATED_OBJC_IMPLEMENTATIONS = YES;
				CLANG_WARN_DIRECT_OBJC_ISA_USAGE = YES_ERROR;
				CLANG_WARN_DOCUMENTATION_COMMENTS = YES;
				CLANG_WARN_EMPTY_BODY = YES;
				CLANG_WARN_ENUM_CONVERSION = YES;
				CLANG_WARN_INFINITE_RECURSION = YES;
				CLANG_WARN_INT_CONVERSION = YES;
				CLANG_WARN_NON_LITERAL_NULL_CONVERSION = YES;
				CLANG_WARN_OBJC_IMPLICIT_RETAIN_SELF = YES;
				CLANG_WARN_OBJC_LITERAL_CONVERSION = YES;
				CLANG_WARN_OBJC_ROOT_CLASS = YES_ERROR;
				CLANG_WARN_QUOTED_INCLUDE_IN_FRAMEWORK_HEADER = YES;
				CLANG_WARN_RANGE_LOOP_ANALYSIS = YES;
				CLANG_WARN_STRICT_PROTOTYPES = YES;
				CLANG_WARN_SUSPICIOUS_MOVE = YES;
				CLANG_WARN_UNGUARDED_AVAILABILITY = YES_AGGRESSIVE;
				CLANG_WARN_UNREACHABLE_CODE = YES;
				CLANG_WARN__DUPLICATE_METHOD_MATCH = YES;
				COPY_PHASE_STRIP = NO;
				DEBUG_INFORMATION_FORMAT = "dwarf-with-dsym";
				ENABLE_NS_ASSERTIONS = NO;
				ENABLE_STRICT_OBJC_MSGSEND = YES;
				ENABLE_USER_SCRIPT_SANDBOXING = YES;
				GCC_C_LANGUAGE_STANDARD = gnu17;
				GCC_NO_COMMON_BLOCKS = YES;
				GCC_WARN_64_TO_32_BIT_CONVERSION = YES;
				GCC_WARN_ABOUT_RETURN_TYPE = YES_ERROR;
				GCC_WARN_UNDECLARED_SELECTOR = YES;
				GCC_WARN_UNINITIALIZED_AUTOS = YES_AGGRESSIVE;
				GCC_WARN_UNUSED_FUNCTION = YES;
				GCC_WARN_UNUSED_VARIABLE = YES;
				IPHONEOS_DEPLOYMENT_TARGET = 17.0;
				LOCALIZATION_PREFERS_STRING_CATALOGS = YES;
				MTL_ENABLE_DEBUG_INFO = NO;
				MTL_FAST_MATH = YES;
				SDKROOT = iphoneos;
				SWIFT_COMPILATION_MODE = wholemodule;
				VALIDATE_PRODUCT = YES;
			};
			name = Release;
		};
		0B3D700F2B27FC9F004F2FEB /* Debug */ = {
			isa = XCBuildConfiguration;
			buildSettings = {
				ASSETCATALOG_COMPILER_APPICON_NAME = AppIcon;
				ASSETCATALOG_COMPILER_GLOBAL_ACCENT_COLOR_NAME = AccentColor;
				CODE_SIGN_STYLE = Automatic;
				CURRENT_PROJECT_VERSION = 1;
				DEVELOPMENT_ASSET_PATHS = "\"Nestly/Preview Content\"";
				DEVELOPMENT_TEAM = U8MNSC9Z3Z;
				ENABLE_PREVIEWS = YES;
				GENERATE_INFOPLIST_FILE = YES;
				INFOPLIST_KEY_UIApplicationSceneManifest_Generation = YES;
				INFOPLIST_KEY_UIApplicationSupportsIndirectInputEvents = YES;
				INFOPLIST_KEY_UILaunchScreen_Generation = YES;
				INFOPLIST_KEY_UISupportedInterfaceOrientations_iPad = "UIInterfaceOrientationPortrait UIInterfaceOrientationPortraitUpsideDown UIInterfaceOrientationLandscapeLeft UIInterfaceOrientationLandscapeRight";
				INFOPLIST_KEY_UISupportedInterfaceOrientations_iPhone = "UIInterfaceOrientationPortrait UIInterfaceOrientationLandscapeLeft UIInterfaceOrientationLandscapeRight";
				LD_RUNPATH_SEARCH_PATHS = (
					"$(inherited)",
					"@executable_path/Frameworks",
				);
				MARKETING_VERSION = 1.0;
				PRODUCT_BUNDLE_IDENTIFIER = com.aris.Nestly;
				PRODUCT_NAME = "$(TARGET_NAME)";
				SWIFT_EMIT_LOC_STRINGS = YES;
				SWIFT_VERSION = 5.0;
				TARGETED_DEVICE_FAMILY = "1,2";
			};
			name = Debug;
		};
		0B3D70102B27FC9F004F2FEB /* Release */ = {
			isa = XCBuildConfiguration;
			buildSettings = {
				ASSETCATALOG_COMPILER_APPICON_NAME = AppIcon;
				ASSETCATALOG_COMPILER_GLOBAL_ACCENT_COLOR_NAME = AccentColor;
				CODE_SIGN_STYLE = Automatic;
				CURRENT_PROJECT_VERSION = 1;
				DEVELOPMENT_ASSET_PATHS = "\"Nestly/Preview Content\"";
				DEVELOPMENT_TEAM = U8MNSC9Z3Z;
				ENABLE_PREVIEWS = YES;
				GENERATE_INFOPLIST_FILE = YES;
				INFOPLIST_KEY_UIApplicationSceneManifest_Generation = YES;
				INFOPLIST_KEY_UIApplicationSupportsIndirectInputEvents = YES;
				INFOPLIST_KEY_UILaunchScreen_Generation = YES;
				INFOPLIST_KEY_UISupportedInterfaceOrientations_iPad = "UIInterfaceOrientationPortrait UIInterfaceOrientationPortraitUpsideDown UIInterfaceOrientationLandscapeLeft UIInterfaceOrientationLandscapeRight";
				INFOPLIST_KEY_UISupportedInterfaceOrientations_iPhone = "UIInterfaceOrientationPortrait UIInterfaceOrientationLandscapeLeft UIInterfaceOrientationLandscapeRight";
				LD_RUNPATH_SEARCH_PATHS = (
					"$(inherited)",
					"@executable_path/Frameworks",
				);
				MARKETING_VERSION = 1.0;
				PRODUCT_BUNDLE_IDENTIFIER = com.aris.Nestly;
				PRODUCT_NAME = "$(TARGET_NAME)";
				SWIFT_EMIT_LOC_STRINGS = YES;
				SWIFT_VERSION = 5.0;
				TARGETED_DEVICE_FAMILY = "1,2";
			};
			name = Release;
		};
/* End XCBuildConfiguration section */

/* Begin XCConfigurationList section */
		0B3D6FFB2B27FC9E004F2FEB /* Build configuration list for PBXProject "Nestly" */ = {
			isa = XCConfigurationList;
			buildConfigurations = (
				0B3D700C2B27FC9F004F2FEB /* Debug */,
				0B3D700D2B27FC9F004F2FEB /* Release */,
			);
			defaultConfigurationIsVisible = 0;
			defaultConfigurationName = Release;
		};
		0B3D700E2B27FC9F004F2FEB /* Build configuration list for PBXNativeTarget "Nestly" */ = {
			isa = XCConfigurationList;
			buildConfigurations = (
				0B3D700F2B27FC9F004F2FEB /* Debug */,
				0B3D70102B27FC9F004F2FEB /* Release */,
			);
			defaultConfigurationIsVisible = 0;
			defaultConfigurationName = Release;
		};
/* End XCConfigurationList section */
	};
	rootObject = 0B3D6FF82B27FC9E004F2FEB /* Project object */;
}
